[[dependencies]]
name = "@fdk"
version = "0.3.5-rc"
url = "https://github.com/axieinfinity/foundry-deployment-kit/archive/refs/tags/v0.3.5-rc.zip"
checksum = "1b2a5c4cb7836463d821d79483d45594fcab2f96f0200641da52d14ccdd6ccbc"
integrity = "a9a42316943b53d68a2dd135906632a264175585a0d4f9f50927228061a35b82"

[[dependencies]]
name = "@openzeppelin"
version = "4.7.3"
url = "https://github.com/OpenZeppelin/openzeppelin-contracts/archive/refs/tags/v4.7.3.zip"
checksum = "e25b51f352864703de7b35e5030d63b38cbe4e8d61d7858f9ff9f77e18e370dd"
integrity = "22307e72fcd0d9ba18b894af6b2efdcdb4b4b51c1e7822cb2f0983ef348048d4"

[[dependencies]]
name = "@prb-math"
version = "4.0.3"
url = "https://github.com/PaulRBerg/prb-math/archive/refs/tags/v4.0.3.zip"
checksum = "b542081888cdb7d9a90844389a6d07f2219e09a98bdddbea7f2bbf12498b94a6"
integrity = "26feb07a3c04adb875cad062c81ed2ba90805191449703cd616b9189f959c453"

[[dependencies]]
name = "@prb-test"
version = "0.6.5"
url = "https://github.com/PaulRBerg/prb-test/archive/refs/tags/v0.6.5.zip"
checksum = "078814629f599aeb1a60e1926338b2964da876e9c93989880af38fb815fda7cd"
integrity = "5dd758e103bdf92c02e626a20b776dfcae7d4d5961a26277191e7ccd2b7dc5d2"
